
Microsoft Visual Studio Solution File, Format Version 12.00
# Visual Studio 14
VisualStudioVersion = 14.0.25420.1
MinimumVisualStudioVersion = 10.0.40219.1
Project("{FAE04EC0-301F-11D3-BF4B-00C04F79EFBC}") = "HotTao", "HotTao\HotTao.csproj", "{4440930D-FABE-47AC-AE72-E14B4DCD2C71}"
EndProject
Project("{FAE04EC0-301F-11D3-BF4B-00C04F79EFBC}") = "HotTaoCore", "HotTaoCore\HotTaoCore.csproj", "{850F7582-733E-4A00-9D30-8C977E4F01B9}"
EndProject
Project("{FAE04EC0-301F-11D3-BF4B-00C04F79EFBC}") = "TBSync", "TBSync\TBSync.csproj", "{5DE10B73-BF0A-419F-9DC3-AD4F54FB9D8F}"
EndProject
Project("{FAE04EC0-301F-11D3-BF4B-00C04F79EFBC}") = "HotTaoRegistAccount", "HotTaoRegistAccount\HotTaoRegistAccount.csproj", "{78B32FD3-565C-4CA9-AE62-EBD12D03196A}"
EndProject
Project("{FAE04EC0-301F-11D3-BF4B-00C04F79EFBC}") = "HotTaoMonitoring", "HotTaoMonitoring\HotTaoMonitoring.csproj", "{1A232F3E-74E5-476E-AB05-ED06502A705A}"
EndProject
Project("{FAE04EC0-301F-11D3-BF4B-00C04F79EFBC}") = "WeChatHttpCore", "WwChatHttpCore\WeChatHttpCore.csproj", "{2CEADEF4-DE9E-4E93-A1A1-1849D6781BD5}"
EndProject
Project("{FAE04EC0-301F-11D3-BF4B-00C04F79EFBC}") = "HotTaoSquare", "HotTaoSquare\HotTaoSquare.csproj", "{D7DAFBC3-0FE5-4767-BE37-50703A85805F}"
EndProject
Project("{FAE04EC0-301F-11D3-BF4B-00C04F79EFBC}") = "HotTaoControls", "HotTaoControls\HotTaoControls.csproj", "{BE89E3A9-8E5B-4EF0-BDBC-AAB697A53336}"
EndProject
Project("{2150E333-8FDC-42A3-9474-1A3956D46DE8}") = "QQ", "QQ", "{2E376C26-2078-4B85-A78F-AB545FB206C4}"
EndProject
Project("{FAE04EC0-301F-11D3-BF4B-00C04F79EFBC}") = "QQCore", "QQ\QQCore\QQCore.csproj", "{A8762F75-4F7A-4676-A7A2-BA1A8629AA26}"
EndProject
Project("{FAE04EC0-301F-11D3-BF4B-00C04F79EFBC}") = "QQLogin", "QQ\QQLogin\QQLogin.csproj", "{285CFB83-13EE-47B4-8B91-827E8E26A10B}"
EndProject
Global
	GlobalSection(SolutionConfigurationPlatforms) = preSolution
		Debug|Any CPU = Debug|Any CPU
		Debug|x64 = Debug|x64
		Debug|x86 = Debug|x86
		Release|Any CPU = Release|Any CPU
		Release|x64 = Release|x64
		Release|x86 = Release|x86
	EndGlobalSection
	GlobalSection(ProjectConfigurationPlatforms) = postSolution
		{4440930D-FABE-47AC-AE72-E14B4DCD2C71}.Debug|Any CPU.ActiveCfg = Debug|Any CPU
		{4440930D-FABE-47AC-AE72-E14B4DCD2C71}.Debug|Any CPU.Build.0 = Debug|Any CPU
		{4440930D-FABE-47AC-AE72-E14B4DCD2C71}.Debug|x64.ActiveCfg = Debug|x64
		{4440930D-FABE-47AC-AE72-E14B4DCD2C71}.Debug|x64.Build.0 = Debug|x64
		{4440930D-FABE-47AC-AE72-E14B4DCD2C71}.Debug|x86.ActiveCfg = Debug|x86
		{4440930D-FABE-47AC-AE72-E14B4DCD2C71}.Debug|x86.Build.0 = Debug|x86
		{4440930D-FABE-47AC-AE72-E14B4DCD2C71}.Release|Any CPU.ActiveCfg = Release|Any CPU
		{4440930D-FABE-47AC-AE72-E14B4DCD2C71}.Release|Any CPU.Build.0 = Release|Any CPU
		{4440930D-FABE-47AC-AE72-E14B4DCD2C71}.Release|x64.ActiveCfg = Release|x64
		{4440930D-FABE-47AC-AE72-E14B4DCD2C71}.Release|x64.Build.0 = Release|x64
		{4440930D-FABE-47AC-AE72-E14B4DCD2C71}.Release|x86.ActiveCfg = Release|x86
		{4440930D-FABE-47AC-AE72-E14B4DCD2C71}.Release|x86.Build.0 = Release|x86
		{850F7582-733E-4A00-9D30-8C977E4F01B9}.Debug|Any CPU.ActiveCfg = Debug|Any CPU
		{850F7582-733E-4A00-9D30-8C977E4F01B9}.Debug|Any CPU.Build.0 = Debug|Any CPU
		{850F7582-733E-4A00-9D30-8C977E4F01B9}.Debug|x64.ActiveCfg = Debug|x64
		{850F7582-733E-4A00-9D30-8C977E4F01B9}.Debug|x64.Build.0 = Debug|x64
		{850F7582-733E-4A00-9D30-8C977E4F01B9}.Debug|x86.ActiveCfg = Debug|Any CPU
		{850F7582-733E-4A00-9D30-8C977E4F01B9}.Debug|x86.Build.0 = Debug|Any CPU
		{850F7582-733E-4A00-9D30-8C977E4F01B9}.Release|Any CPU.ActiveCfg = Release|Any CPU
		{850F7582-733E-4A00-9D30-8C977E4F01B9}.Release|Any CPU.Build.0 = Release|Any CPU
		{850F7582-733E-4A00-9D30-8C977E4F01B9}.Release|x64.ActiveCfg = Release|x64
		{850F7582-733E-4A00-9D30-8C977E4F01B9}.Release|x64.Build.0 = Release|x64
		{850F7582-733E-4A00-9D30-8C977E4F01B9}.Release|x86.ActiveCfg = Release|Any CPU
		{850F7582-733E-4A00-9D30-8C977E4F01B9}.Release|x86.Build.0 = Release|Any CPU
		{5DE10B73-BF0A-419F-9DC3-AD4F54FB9D8F}.Debug|Any CPU.ActiveCfg = Debug|Any CPU
		{5DE10B73-BF0A-419F-9DC3-AD4F54FB9D8F}.Debug|Any CPU.Build.0 = Debug|Any CPU
		{5DE10B73-BF0A-419F-9DC3-AD4F54FB9D8F}.Debug|x64.ActiveCfg = Debug|x64
		{5DE10B73-BF0A-419F-9DC3-AD4F54FB9D8F}.Debug|x64.Build.0 = Debug|x64
		{5DE10B73-BF0A-419F-9DC3-AD4F54FB9D8F}.Debug|x86.ActiveCfg = Debug|x86
		{5DE10B73-BF0A-419F-9DC3-AD4F54FB9D8F}.Debug|x86.Build.0 = Debug|x86
		{5DE10B73-BF0A-419F-9DC3-AD4F54FB9D8F}.Release|Any CPU.ActiveCfg = Release|Any CPU
		{5DE10B73-BF0A-419F-9DC3-AD4F54FB9D8F}.Release|Any CPU.Build.0 = Release|Any CPU
		{5DE10B73-BF0A-419F-9DC3-AD4F54FB9D8F}.Release|x64.ActiveCfg = Release|x64
		{5DE10B73-BF0A-419F-9DC3-AD4F54FB9D8F}.Release|x64.Build.0 = Release|x64
		{5DE10B73-BF0A-419F-9DC3-AD4F54FB9D8F}.Release|x86.ActiveCfg = Release|x86
		{5DE10B73-BF0A-419F-9DC3-AD4F54FB9D8F}.Release|x86.Build.0 = Release|x86
		{78B32FD3-565C-4CA9-AE62-EBD12D03196A}.Debug|Any CPU.ActiveCfg = Debug|Any CPU
		{78B32FD3-565C-4CA9-AE62-EBD12D03196A}.Debug|Any CPU.Build.0 = Debug|Any CPU
		{78B32FD3-565C-4CA9-AE62-EBD12D03196A}.Debug|x64.ActiveCfg = Debug|x64
		{78B32FD3-565C-4CA9-AE62-EBD12D03196A}.Debug|x64.Build.0 = Debug|x64
		{78B32FD3-565C-4CA9-AE62-EBD12D03196A}.Debug|x86.ActiveCfg = Debug|x64
		{78B32FD3-565C-4CA9-AE62-EBD12D03196A}.Debug|x86.Build.0 = Debug|x64
		{78B32FD3-565C-4CA9-AE62-EBD12D03196A}.Release|Any CPU.ActiveCfg = Release|Any CPU
		{78B32FD3-565C-4CA9-AE62-EBD12D03196A}.Release|Any CPU.Build.0 = Release|Any CPU
		{78B32FD3-565C-4CA9-AE62-EBD12D03196A}.Release|x64.ActiveCfg = Release|x64
		{78B32FD3-565C-4CA9-AE62-EBD12D03196A}.Release|x64.Build.0 = Release|x64
		{78B32FD3-565C-4CA9-AE62-EBD12D03196A}.Release|x86.ActiveCfg = Release|Any CPU
		{78B32FD3-565C-4CA9-AE62-EBD12D03196A}.Release|x86.Build.0 = Release|Any CPU
		{1A232F3E-74E5-476E-AB05-ED06502A705A}.Debug|Any CPU.ActiveCfg = Debug|Any CPU
		{1A232F3E-74E5-476E-AB05-ED06502A705A}.Debug|Any CPU.Build.0 = Debug|Any CPU
		{1A232F3E-74E5-476E-AB05-ED06502A705A}.Debug|x64.ActiveCfg = Debug|Any CPU
		{1A232F3E-74E5-476E-AB05-ED06502A705A}.Debug|x64.Build.0 = Debug|Any CPU
		{1A232F3E-74E5-476E-AB05-ED06502A705A}.Debug|x86.ActiveCfg = Debug|x86
		{1A232F3E-74E5-476E-AB05-ED06502A705A}.Debug|x86.Build.0 = Debug|x86
		{1A232F3E-74E5-476E-AB05-ED06502A705A}.Release|Any CPU.ActiveCfg = Release|Any CPU
		{1A232F3E-74E5-476E-AB05-ED06502A705A}.Release|Any CPU.Build.0 = Release|Any CPU
		{1A232F3E-74E5-476E-AB05-ED06502A705A}.Release|x64.ActiveCfg = Release|Any CPU
		{1A232F3E-74E5-476E-AB05-ED06502A705A}.Release|x64.Build.0 = Release|Any CPU
		{1A232F3E-74E5-476E-AB05-ED06502A705A}.Release|x86.ActiveCfg = Release|x86
		{1A232F3E-74E5-476E-AB05-ED06502A705A}.Release|x86.Build.0 = Release|x86
		{2CEADEF4-DE9E-4E93-A1A1-1849D6781BD5}.Debug|Any CPU.ActiveCfg = Debug|Any CPU
		{2CEADEF4-DE9E-4E93-A1A1-1849D6781BD5}.Debug|Any CPU.Build.0 = Debug|Any CPU
		{2CEADEF4-DE9E-4E93-A1A1-1849D6781BD5}.Debug|x64.ActiveCfg = Debug|Any CPU
		{2CEADEF4-DE9E-4E93-A1A1-1849D6781BD5}.Debug|x64.Build.0 = Debug|Any CPU
		{2CEADEF4-DE9E-4E93-A1A1-1849D6781BD5}.Debug|x86.ActiveCfg = Debug|Any CPU
		{2CEADEF4-DE9E-4E93-A1A1-1849D6781BD5}.Debug|x86.Build.0 = Debug|Any CPU
		{2CEADEF4-DE9E-4E93-A1A1-1849D6781BD5}.Release|Any CPU.ActiveCfg = Release|Any CPU
		{2CEADEF4-DE9E-4E93-A1A1-1849D6781BD5}.Release|Any CPU.Build.0 = Release|Any CPU
		{2CEADEF4-DE9E-4E93-A1A1-1849D6781BD5}.Release|x64.ActiveCfg = Release|Any CPU
		{2CEADEF4-DE9E-4E93-A1A1-1849D6781BD5}.Release|x64.Build.0 = Release|Any CPU
		{2CEADEF4-DE9E-4E93-A1A1-1849D6781BD5}.Release|x86.ActiveCfg = Release|Any CPU
		{2CEADEF4-DE9E-4E93-A1A1-1849D6781BD5}.Release|x86.Build.0 = Release|Any CPU
		{D7DAFBC3-0FE5-4767-BE37-50703A85805F}.Debug|Any CPU.ActiveCfg = Debug|Any CPU
		{D7DAFBC3-0FE5-4767-BE37-50703A85805F}.Debug|Any CPU.Build.0 = Debug|Any CPU
		{D7DAFBC3-0FE5-4767-BE37-50703A85805F}.Debug|x64.ActiveCfg = Debug|Any CPU
		{D7DAFBC3-0FE5-4767-BE37-50703A85805F}.Debug|x64.Build.0 = Debug|Any CPU
		{D7DAFBC3-0FE5-4767-BE37-50703A85805F}.Debug|x86.ActiveCfg = Debug|x86
		{D7DAFBC3-0FE5-4767-BE37-50703A85805F}.Debug|x86.Build.0 = Debug|x86
		{D7DAFBC3-0FE5-4767-BE37-50703A85805F}.Release|Any CPU.ActiveCfg = Release|Any CPU
		{D7DAFBC3-0FE5-4767-BE37-50703A85805F}.Release|Any CPU.Build.0 = Release|Any CPU
		{D7DAFBC3-0FE5-4767-BE37-50703A85805F}.Release|x64.ActiveCfg = Release|Any CPU
		{D7DAFBC3-0FE5-4767-BE37-50703A85805F}.Release|x64.Build.0 = Release|Any CPU
		{D7DAFBC3-0FE5-4767-BE37-50703A85805F}.Release|x86.ActiveCfg = Release|x86
		{D7DAFBC3-0FE5-4767-BE37-50703A85805F}.Release|x86.Build.0 = Release|x86
		{BE89E3A9-8E5B-4EF0-BDBC-AAB697A53336}.Debug|Any CPU.ActiveCfg = Debug|Any CPU
		{BE89E3A9-8E5B-4EF0-BDBC-AAB697A53336}.Debug|Any CPU.Build.0 = Debug|Any CPU
		{BE89E3A9-8E5B-4EF0-BDBC-AAB697A53336}.Debug|x64.ActiveCfg = Debug|Any CPU
		{BE89E3A9-8E5B-4EF0-BDBC-AAB697A53336}.Debug|x64.Build.0 = Debug|Any CPU
		{BE89E3A9-8E5B-4EF0-BDBC-AAB697A53336}.Debug|x86.ActiveCfg = Debug|Any CPU
		{BE89E3A9-8E5B-4EF0-BDBC-AAB697A53336}.Debug|x86.Build.0 = Debug|Any CPU
		{BE89E3A9-8E5B-4EF0-BDBC-AAB697A53336}.Release|Any CPU.ActiveCfg = Release|Any CPU
		{BE89E3A9-8E5B-4EF0-BDBC-AAB697A53336}.Release|Any CPU.Build.0 = Release|Any CPU
		{BE89E3A9-8E5B-4EF0-BDBC-AAB697A53336}.Release|x64.ActiveCfg = Release|Any CPU
		{BE89E3A9-8E5B-4EF0-BDBC-AAB697A53336}.Release|x64.Build.0 = Release|Any CPU
		{BE89E3A9-8E5B-4EF0-BDBC-AAB697A53336}.Release|x86.ActiveCfg = Release|Any CPU
		{BE89E3A9-8E5B-4EF0-BDBC-AAB697A53336}.Release|x86.Build.0 = Release|Any CPU
		{A8762F75-4F7A-4676-A7A2-BA1A8629AA26}.Debug|Any CPU.ActiveCfg = Debug|Any CPU
		{A8762F75-4F7A-4676-A7A2-BA1A8629AA26}.Debug|Any CPU.Build.0 = Debug|Any CPU
		{A8762F75-4F7A-4676-A7A2-BA1A8629AA26}.Debug|x64.ActiveCfg = Debug|Any CPU
		{A8762F75-4F7A-4676-A7A2-BA1A8629AA26}.Debug|x64.Build.0 = Debug|Any CPU
		{A8762F75-4F7A-4676-A7A2-BA1A8629AA26}.Debug|x86.ActiveCfg = Debug|Any CPU
		{A8762F75-4F7A-4676-A7A2-BA1A8629AA26}.Debug|x86.Build.0 = Debug|Any CPU
		{A8762F75-4F7A-4676-A7A2-BA1A8629AA26}.Release|Any CPU.ActiveCfg = Release|Any CPU
		{A8762F75-4F7A-4676-A7A2-BA1A8629AA26}.Release|Any CPU.Build.0 = Release|Any CPU
		{A8762F75-4F7A-4676-A7A2-BA1A8629AA26}.Release|x64.ActiveCfg = Release|Any CPU
		{A8762F75-4F7A-4676-A7A2-BA1A8629AA26}.Release|x64.Build.0 = Release|Any CPU
		{A8762F75-4F7A-4676-A7A2-BA1A8629AA26}.Release|x86.ActiveCfg = Release|Any CPU
		{A8762F75-4F7A-4676-A7A2-BA1A8629AA26}.Release|x86.Build.0 = Release|Any CPU
		{285CFB83-13EE-47B4-8B91-827E8E26A10B}.Debug|Any CPU.ActiveCfg = Debug|Any CPU
		{285CFB83-13EE-47B4-8B91-827E8E26A10B}.Debug|Any CPU.Build.0 = Debug|Any CPU
		{285CFB83-13EE-47B4-8B91-827E8E26A10B}.Debug|x64.ActiveCfg = Debug|Any CPU
		{285CFB83-13EE-47B4-8B91-827E8E26A10B}.Debug|x64.Build.0 = Debug|Any CPU
		{285CFB83-13EE-47B4-8B91-827E8E26A10B}.Debug|x86.ActiveCfg = Debug|x86
		{285CFB83-13EE-47B4-8B91-827E8E26A10B}.Debug|x86.Build.0 = Debug|x86
		{285CFB83-13EE-47B4-8B91-827E8E26A10B}.Release|Any CPU.ActiveCfg = Release|Any CPU
		{285CFB83-13EE-47B4-8B91-827E8E26A10B}.Release|Any CPU.Build.0 = Release|Any CPU
		{285CFB83-13EE-47B4-8B91-827E8E26A10B}.Release|x64.ActiveCfg = Release|Any CPU
		{285CFB83-13EE-47B4-8B91-827E8E26A10B}.Release|x64.Build.0 = Release|Any CPU
		{285CFB83-13EE-47B4-8B91-827E8E26A10B}.Release|x86.ActiveCfg = Release|x86
		{285CFB83-13EE-47B4-8B91-827E8E26A10B}.Release|x86.Build.0 = Release|x86
	EndGlobalSection
	GlobalSection(SolutionProperties) = preSolution
		HideSolutionNode = FALSE
	EndGlobalSection
	GlobalSection(NestedProjects) = preSolution
		{A8762F75-4F7A-4676-A7A2-BA1A8629AA26} = {2E376C26-2078-4B85-A78F-AB545FB206C4}
		{285CFB83-13EE-47B4-8B91-827E8E26A10B} = {2E376C26-2078-4B85-A78F-AB545FB206C4}
	EndGlobalSection
EndGlobal
